
Microsoft Visual Studio Solution File, Format Version 11.00
# Visual Studio 2010
Project("{FAE04EC0-301F-11D3-BF4B-00C04F79EFBC}") = "Assembly-CSharp", "Assembly-CSharp.csproj", "{8DFEEA93-EECE-004E-48C1-54696A61B528}"
EndProject
Project("{FAE04EC0-301F-11D3-BF4B-00C04F79EFBC}") = "Assembly-CSharp-Editor", "Assembly-CSharp-Editor.csproj", "{7FAC1DBC-B3F4-E732-AE36-1A1C89A9428A}"
EndProject
Global
	GlobalSection(SolutionConfigurationPlatforms) = preSolution
		Debug|Any CPU = Debug|Any CPU
		Release|Any CPU = Release|Any CPU
	EndGlobalSection
	GlobalSection(ProjectConfigurationPlatforms) = postSolution
		{8DFEEA93-EECE-004E-48C1-54696A61B528}.Debug|Any CPU.ActiveCfg = Debug|Any CPU
		{8DFEEA93-EECE-004E-48C1-54696A61B528}.Debug|Any CPU.Build.0 = Debug|Any CPU
		{8DFEEA93-EECE-004E-48C1-54696A61B528}.Release|Any CPU.ActiveCfg = Release|Any CPU
		{8DFEEA93-EECE-004E-48C1-54696A61B528}.Release|Any CPU.Build.0 = Release|Any CPU
		{7FAC1DBC-B3F4-E732-AE36-1A1C89A9428A}.Debug|Any CPU.ActiveCfg = Debug|Any CPU
		{7FAC1DBC-B3F4-E732-AE36-1A1C89A9428A}.Debug|Any CPU.Build.0 = Debug|Any CPU
		{7FAC1DBC-B3F4-E732-AE36-1A1C89A9428A}.Release|Any CPU.ActiveCfg = Release|Any CPU
		{7FAC1DBC-B3F4-E732-AE36-1A1C89A9428A}.Release|Any CPU.Build.0 = Release|Any CPU
	EndGlobalSection
	GlobalSection(SolutionProperties) = preSolution
		HideSolutionNode = FALSE
	EndGlobalSection
	GlobalSection(MonoDevelopProperties) = preSolution
		StartupItem = Assembly-CSharp.csproj
	EndGlobalSection
EndGlobal
